
Microsoft Visual Studio Solution File, Format Version 12.00
# Visual Studio Version 16
VisualStudioVersion = 16.0.29905.134
MinimumVisualStudioVersion = 10.0.40219.1
Project("{9A19103F-16F7-4668-BE54-9A1E7A4F7556}") = "eShopSolution.WebApp", "eShopSolution.WebApp\eShopSolution.WebApp.csproj", "{A445C91B-85F9-4022-975C-E283FA201601}"
EndProject
Project("{2150E333-8FDC-42A3-9474-1A3956D46DE8}") = "Solution Items", "Solution Items", "{B385FDA1-7BE8-4584-B935-2FF0BCB9B2ED}"
	ProjectSection(SolutionItems) = preProject
		README.md = README.md
	EndProjectSection
EndProject
Project("{FAE04EC0-301F-11D3-BF4B-00C04F79EFBC}") = "eShopSolution.Data", "eShopSolution.Data\eShopSolution.Data.csproj", "{E45A57E4-33B4-4B22-8CA4-091236CD41F2}"
EndProject
Project("{FAE04EC0-301F-11D3-BF4B-00C04F79EFBC}") = "eShopSolution.Application", "eShopSolution.Application\eShopSolution.Application.csproj", "{92F0ABDD-EA78-4598-B0F7-699E891D4707}"
EndProject
Global
	GlobalSection(SolutionConfigurationPlatforms) = preSolution
		Debug|Any CPU = Debug|Any CPU
		Release|Any CPU = Release|Any CPU
	EndGlobalSection
	GlobalSection(ProjectConfigurationPlatforms) = postSolution
		{A445C91B-85F9-4022-975C-E283FA201601}.Debug|Any CPU.ActiveCfg = Debug|Any CPU
		{A445C91B-85F9-4022-975C-E283FA201601}.Debug|Any CPU.Build.0 = Debug|Any CPU
		{A445C91B-85F9-4022-975C-E283FA201601}.Release|Any CPU.ActiveCfg = Release|Any CPU
		{A445C91B-85F9-4022-975C-E283FA201601}.Release|Any CPU.Build.0 = Release|Any CPU
		{E45A57E4-33B4-4B22-8CA4-091236CD41F2}.Debug|Any CPU.ActiveCfg = Debug|Any CPU
		{E45A57E4-33B4-4B22-8CA4-091236CD41F2}.Debug|Any CPU.Build.0 = Debug|Any CPU
		{E45A57E4-33B4-4B22-8CA4-091236CD41F2}.Release|Any CPU.ActiveCfg = Release|Any CPU
		{E45A57E4-33B4-4B22-8CA4-091236CD41F2}.Release|Any CPU.Build.0 = Release|Any CPU
		{92F0ABDD-EA78-4598-B0F7-699E891D4707}.Debug|Any CPU.ActiveCfg = Debug|Any CPU
		{92F0ABDD-EA78-4598-B0F7-699E891D4707}.Debug|Any CPU.Build.0 = Debug|Any CPU
		{92F0ABDD-EA78-4598-B0F7-699E891D4707}.Release|Any CPU.ActiveCfg = Release|Any CPU
		{92F0ABDD-EA78-4598-B0F7-699E891D4707}.Release|Any CPU.Build.0 = Release|Any CPU
	EndGlobalSection
	GlobalSection(SolutionProperties) = preSolution
		HideSolutionNode = FALSE
	EndGlobalSection
	GlobalSection(ExtensibilityGlobals) = postSolution
		SolutionGuid = {21D05958-6D27-4FDD-86C7-AEAF8BB87DA3}
	EndGlobalSection
EndGlobal
